// !$*UTF8*$!
{
	archiveVersion = 1;
	classes = {
	};
	objectVersion = 46;
	objects = {

/* Begin PBXBuildFile section */
		FD043B021758EA290056D2BC /* UIKit.framework in Frameworks */ = {isa = PBXBuildFile; fileRef = FD043B011758EA290056D2BC /* UIKit.framework */; };
		FD043B041758EA290056D2BC /* Foundation.framework in Frameworks */ = {isa = PBXBuildFile; fileRef = FD043B031758EA290056D2BC /* Foundation.framework */; };
		FD043B061758EA290056D2BC /* CoreGraphics.framework in Frameworks */ = {isa = PBXBuildFile; fileRef = FD043B051758EA290056D2BC /* CoreGraphics.framework */; };
		FD043B0C1758EA290056D2BC /* InfoPlist.strings in Resources */ = {isa = PBXBuildFile; fileRef = FD043B0A1758EA290056D2BC /* InfoPlist.strings */; };
		FD043B0E1758EA290056D2BC /* main.m in Sources */ = {isa = PBXBuildFile; fileRef = FD043B0D1758EA290056D2BC /* main.m */; };
		FD043B121758EA290056D2BC /* AppDelegate.m in Sources */ = {isa = PBXBuildFile; fileRef = FD043B111758EA290056D2BC /* AppDelegate.m */; };
		FD043B141758EA290056D2BC /* Default.png in Resources */ = {isa = PBXBuildFile; fileRef = FD043B131758EA290056D2BC /* Default.png */; };
		FD043B161758EA290056D2BC /* Default@2x.png in Resources */ = {isa = PBXBuildFile; fileRef = FD043B151758EA290056D2BC /* Default@2x.png */; };
		FD043B181758EA290056D2BC /* Default-568h@2x.png in Resources */ = {isa = PBXBuildFile; fileRef = FD043B171758EA290056D2BC /* Default-568h@2x.png */; };
		FD043B1B1758EA290056D2BC /* MainStoryboard.storyboard in Resources */ = {isa = PBXBuildFile; fileRef = FD043B191758EA290056D2BC /* MainStoryboard.storyboard */; };
		FD043B1E1758EA290056D2BC /* ViewController.m in Sources */ = {isa = PBXBuildFile; fileRef = FD043B1D1758EA290056D2BC /* ViewController.m */; };
		FD043B261758EE610056D2BC /* DetailViewController.m in Sources */ = {isa = PBXBuildFile; fileRef = FD043B251758EE610056D2BC /* DetailViewController.m */; };
		FD4EEDD31758F0FD0086D3DD /* EditViewController.m in Sources */ = {isa = PBXBuildFile; fileRef = FD4EEDD21758F0FD0086D3DD /* EditViewController.m */; };
/* End PBXBuildFile section */

/* Begin PBXFileReference section */
		FD043AFE1758EA290056D2BC /* 4E-1.app */ = {isa = PBXFileReference; explicitFileType = wrapper.application; includeInIndex = 0; path = "4E-1.app"; sourceTree = BUILT_PRODUCTS_DIR; };
		FD043B011758EA290056D2BC /* UIKit.framework */ = {isa = PBXFileReference; lastKnownFileType = wrapper.framework; name = UIKit.framework; path = System/Library/Frameworks/UIKit.framework; sourceTree = SDKROOT; };
		FD043B031758EA290056D2BC /* Foundation.framework */ = {isa = PBXFileReference; lastKnownFileType = wrapper.framework; name = Foundation.framework; path = System/Library/Frameworks/Foundation.framework; sourceTree = SDKROOT; };
		FD043B051758EA290056D2BC /* CoreGraphics.framework */ = {isa = PBXFileReference; lastKnownFileType = wrapper.framework; name = CoreGraphics.framework; path = System/Library/Frameworks/CoreGraphics.framework; sourceTree = SDKROOT; };
		FD043B091758EA290056D2BC /* 4E-1-Info.plist */ = {isa = PBXFileReference; lastKnownFileType = text.plist.xml; path = "4E-1-Info.plist"; sourceTree = "<group>"; };
		FD043B0B1758EA290056D2BC /* en */ = {isa = PBXFileReference; lastKnownFileType = text.plist.strings; name = en; path = en.lproj/InfoPlist.strings; sourceTree = "<group>"; };
		FD043B0D1758EA290056D2BC /* main.m */ = {isa = PBXFileReference; lastKnownFileType = sourcecode.c.objc; path = main.m; sourceTree = "<group>"; };
		FD043B0F1758EA290056D2BC /* 4E-1-Prefix.pch */ = {isa = PBXFileReference; lastKnownFileType = sourcecode.c.h; path = "4E-1-Prefix.pch"; sourceTree = "<group>"; };
		FD043B101758EA290056D2BC /* AppDelegate.h */ = {isa = PBXFileReference; lastKnownFileType = sourcecode.c.h; path = AppDelegate.h; sourceTree = "<group>"; };
		FD043B111758EA290056D2BC /* AppDelegate.m */ = {isa = PBXFileReference; lastKnownFileType = sourcecode.c.objc; path = AppDelegate.m; sourceTree = "<group>"; };
		FD043B131758EA290056D2BC /* Default.png */ = {isa = PBXFileReference; lastKnownFileType = image.png; path = Default.png; sourceTree = "<group>"; };
		FD043B151758EA290056D2BC /* Default@2x.png */ = {isa = PBXFileReference; lastKnownFileType = image.png; path = "Default@2x.png"; sourceTree = "<group>"; };
		FD043B171758EA290056D2BC /* Default-568h@2x.png */ = {isa = PBXFileReference; lastKnownFileType = image.png; path = "Default-568h@2x.png"; sourceTree = "<group>"; };
		FD043B1A1758EA290056D2BC /* en */ = {isa = PBXFileReference; lastKnownFileType = file.storyboard; name = en; path = en.lproj/MainStoryboard.storyboard; sourceTree = "<group>"; };
		FD043B1C1758EA290056D2BC /* ViewController.h */ = {isa = PBXFileReference; lastKnownFileType = sourcecode.c.h; path = ViewController.h; sourceTree = "<group>"; };
		FD043B1D1758EA290056D2BC /* ViewController.m */ = {isa = PBXFileReference; lastKnownFileType = sourcecode.c.objc; path = ViewController.m; sourceTree = "<group>"; };
		FD043B241758EE610056D2BC /* DetailViewController.h */ = {isa = PBXFileReference; fileEncoding = 4; lastKnownFileType = sourcecode.c.h; path = DetailViewController.h; sourceTree = "<group>"; };
		FD043B251758EE610056D2BC /* DetailViewController.m */ = {isa = PBXFileReference; fileEncoding = 4; lastKnownFileType = sourcecode.c.objc; path = DetailViewController.m; sourceTree = "<group>"; };
		FD4EEDD11758F0FD0086D3DD /* EditViewController.h */ = {isa = PBXFileReference; fileEncoding = 4; lastKnownFileType = sourcecode.c.h; path = EditViewController.h; sourceTree = "<group>"; };
		FD4EEDD21758F0FD0086D3DD /* EditViewController.m */ = {isa = PBXFileReference; fileEncoding = 4; lastKnownFileType = sourcecode.c.objc; path = EditViewController.m; sourceTree = "<group>"; };
/* End PBXFileReference section */

/* Begin PBXFrameworksBuildPhase section */
		FD043AFB1758EA290056D2BC /* Frameworks */ = {
			isa = PBXFrameworksBuildPhase;
			buildActionMask = 2147483647;
			files = (
				FD043B021758EA290056D2BC /* UIKit.framework in Frameworks */,
				FD043B041758EA290056D2BC /* Foundation.framework in Frameworks */,
				FD043B061758EA290056D2BC /* CoreGraphics.framework in Frameworks */,
			);
			runOnlyForDeploymentPostprocessing = 0;
		};
/* End PBXFrameworksBuildPhase section */

/* Begin PBXGroup section */
		FD043AF51758EA290056D2BC = {
			isa = PBXGroup;
			children = (
				FD043B071758EA290056D2BC /* 4E-1 */,
				FD043B001758EA290056D2BC /* Frameworks */,
				FD043AFF1758EA290056D2BC /* Products */,
			);
			sourceTree = "<group>";
		};
		FD043AFF1758EA290056D2BC /* Products */ = {
			isa = PBXGroup;
			children = (
				FD043AFE1758EA290056D2BC /* 4E-1.app */,
			);
			name = Products;
			sourceTree = "<group>";
		};
		FD043B001758EA290056D2BC /* Frameworks */ = {
			isa = PBXGroup;
			children = (
				FD043B011758EA290056D2BC /* UIKit.framework */,
				FD043B031758EA290056D2BC /* Foundation.framework */,
				FD043B051758EA290056D2BC /* CoreGraphics.framework */,
			);
			name = Frameworks;
			sourceTree = "<group>";
		};
		FD043B071758EA290056D2BC /* 4E-1 */ = {
			isa = PBXGroup;
			children = (
				FD043B101758EA290056D2BC /* AppDelegate.h */,
				FD043B111758EA290056D2BC /* AppDelegate.m */,
				FD043B191758EA290056D2BC /* MainStoryboard.storyboard */,
				FD043B241758EE610056D2BC /* DetailViewController.h */,
				FD4EEDD11758F0FD0086D3DD /* EditViewController.h */,
				FD4EEDD21758F0FD0086D3DD /* EditViewController.m */,
				FD043B251758EE610056D2BC /* DetailViewController.m */,
				FD043B1C1758EA290056D2BC /* ViewController.h */,
				FD043B1D1758EA290056D2BC /* ViewController.m */,
				FD043B081758EA290056D2BC /* Supporting Files */,
			);
			path = "4E-1";
			sourceTree = "<group>";
		};
		FD043B081758EA290056D2BC /* Supporting Files */ = {
			isa = PBXGroup;
			children = (
				FD043B091758EA290056D2BC /* 4E-1-Info.plist */,
				FD043B0A1758EA290056D2BC /* InfoPlist.strings */,
				FD043B0D1758EA290056D2BC /* main.m */,
				FD043B0F1758EA290056D2BC /* 4E-1-Prefix.pch */,
				FD043B131758EA290056D2BC /* Default.png */,
				FD043B151758EA290056D2BC /* Default@2x.png */,
				FD043B171758EA290056D2BC /* Default-568h@2x.png */,
			);
			name = "Supporting Files";
			sourceTree = "<group>";
		};
/* End PBXGroup section */

/* Begin PBXNativeTarget section */
		FD043AFD1758EA290056D2BC /* 4E-1 */ = {
			isa = PBXNativeTarget;
			buildConfigurationList = FD043B211758EA290056D2BC /* Build configuration list for PBXNativeTarget "4E-1" */;
			buildPhases = (
				FD043AFA1758EA290056D2BC /* Sources */,
				FD043AFB1758EA290056D2BC /* Frameworks */,
				FD043AFC1758EA290056D2BC /* Resources */,
			);
			buildRules = (
			);
			dependencies = (
			);
			name = "4E-1";
			productName = "4E-1";
			productReference = FD043AFE1758EA290056D2BC /* 4E-1.app */;
			productType = "com.apple.product-type.application";
		};
/* End PBXNativeTarget section */

/* Begin PBXProject section */
		FD043AF61758EA290056D2BC /* Project object */ = {
			isa = PBXProject;
			attributes = {
				LastUpgradeCheck = 0460;
			};
			buildConfigurationList = FD043AF91758EA290056D2BC /* Build configuration list for PBXProject "4E-1" */;
			compatibilityVersion = "Xcode 3.2";
			developmentRegion = English;
			hasScannedForEncodings = 0;
			knownRegions = (
				en,
			);
			mainGroup = FD043AF51758EA290056D2BC;
			productRefGroup = FD043AFF1758EA290056D2BC /* Products */;
			projectDirPath = "";
			projectRoot = "";
			targets = (
				FD043AFD1758EA290056D2BC /* 4E-1 */,
			);
		};
/* End PBXProject section */

/* Begin PBXResourcesBuildPhase section */
		FD043AFC1758EA290056D2BC /* Resources */ = {
			isa = PBXResourcesBuildPhase;
			buildActionMask = 2147483647;
			files = (
				FD043B0C1758EA290056D2BC /* InfoPlist.strings in Resources */,
				FD043B141758EA290056D2BC /* Default.png in Resources */,
				FD043B161758EA290056D2BC /* Default@2x.png in Resources */,
				FD043B181758EA290056D2BC /* Default-568h@2x.png in Resources */,
				FD043B1B1758EA290056D2BC /* MainStoryboard.storyboard in Resources */,
			);
			runOnlyForDeploymentPostprocessing = 0;
		};
/* End PBXResourcesBuildPhase section */

/* Begin PBXSourcesBuildPhase section */
		FD043AFA1758EA290056D2BC /* Sources */ = {
			isa = PBXSourcesBuildPhase;
			buildActionMask = 2147483647;
			files = (
				FD043B0E1758EA290056D2BC /* main.m in Sources */,
				FD043B121758EA290056D2BC /* AppDelegate.m in Sources */,
				FD043B1E1758EA290056D2BC /* ViewController.m in Sources */,
				FD043B261758EE610056D2BC /* DetailViewController.m in Sources */,
				FD4EEDD31758F0FD0086D3DD /* EditViewController.m in Sources */,
			);
			runOnlyForDeploymentPostprocessing = 0;
		};
/* End PBXSourcesBuildPhase section */

/* Begin PBXVariantGroup section */
		FD043B0A1758EA290056D2BC /* InfoPlist.strings */ = {
			isa = PBXVariantGroup;
			children = (
				FD043B0B1758EA290056D2BC /* en */,
			);
			name = InfoPlist.strings;
			sourceTree = "<group>";
		};
		FD043B191758EA290056D2BC /* MainStoryboard.storyboard */ = {
			isa = PBXVariantGroup;
			children = (
				FD043B1A1758EA290056D2BC /* en */,
			);
			name = MainStoryboard.storyboard;
			sourceTree = "<group>";
		};
/* End PBXVariantGroup section */

/* Begin XCBuildConfiguration section */
		FD043B1F1758EA290056D2BC /* Debug */ = {
			isa = XCBuildConfiguration;
			buildSettings = {
				ALWAYS_SEARCH_USER_PATHS = NO;
				CLANG_CXX_LANGUAGE_STANDARD = "gnu++0x";
				CLANG_CXX_LIBRARY = "libc++";
				CLANG_ENABLE_OBJC_ARC = YES;
				CLANG_WARN_CONSTANT_CONVERSION = YES;
				CLANG_WARN_EMPTY_BODY = YES;
				CLANG_WARN_ENUM_CONVERSION = YES;
				CLANG_WARN_INT_CONVERSION = YES;
				CLANG_WARN__DUPLICATE_METHOD_MATCH = YES;
				"CODE_SIGN_IDENTITY[sdk=iphoneos*]" = "iPhone Developer";
				COPY_PHASE_STRIP = NO;
				GCC_C_LANGUAGE_STANDARD = gnu99;
				GCC_DYNAMIC_NO_PIC = NO;
				GCC_OPTIMIZATION_LEVEL = 0;
				GCC_PREPROCESSOR_DEFINITIONS = (
					"DEBUG=1",
					"$(inherited)",
				);
				GCC_SYMBOLS_PRIVATE_EXTERN = NO;
				GCC_WARN_ABOUT_RETURN_TYPE = YES;
				GCC_WARN_UNINITIALIZED_AUTOS = YES;
				GCC_WARN_UNUSED_VARIABLE = YES;
				IPHONEOS_DEPLOYMENT_TARGET = 6.1;
				ONLY_ACTIVE_ARCH = YES;
				SDKROOT = iphoneos;
			};
			name = Debug;
		};
		FD043B201758EA290056D2BC /* Release */ = {
			isa = XCBuildConfiguration;
			buildSettings = {
				ALWAYS_SEARCH_USER_PATHS = NO;
				CLANG_CXX_LANGUAGE_STANDARD = "gnu++0x";
				CLANG_CXX_LIBRARY = "libc++";
				CLANG_ENABLE_OBJC_ARC = YES;
				CLANG_WARN_CONSTANT_CONVERSION = YES;
				CLANG_WARN_EMPTY_BODY = YES;
				CLANG_WARN_ENUM_CONVERSION = YES;
				CLANG_WARN_INT_CONVERSION = YES;
				CLANG_WARN__DUPLICATE_METHOD_MATCH = YES;
				"CODE_SIGN_IDENTITY[sdk=iphoneos*]" = "iPhone Developer";
				COPY_PHASE_STRIP = YES;
				GCC_C_LANGUAGE_STANDARD = gnu99;
				GCC_WARN_ABOUT_RETURN_TYPE = YES;
				GCC_WARN_UNINITIALIZED_AUTOS = YES;
				GCC_WARN_UNUSED_VARIABLE = YES;
				IPHONEOS_DEPLOYMENT_TARGET = 6.1;
				OTHER_CFLAGS = "-DNS_BLOCK_ASSERTIONS=1";
				SDKROOT = iphoneos;
				VALIDATE_PRODUCT = YES;
			};
			name = Release;
		};
		FD043B221758EA290056D2BC /* Debug */ = {
			isa = XCBuildConfiguration;
			buildSettings = {
				GCC_PRECOMPILE_PREFIX_HEADER = YES;
				GCC_PREFIX_HEADER = "4E-1/4E-1-Prefix.pch";
				INFOPLIST_FILE = "4E-1/4E-1-Info.plist";
				PRODUCT_NAME = "$(TARGET_NAME)";
				WRAPPER_EXTENSION = app;
			};
			name = Debug;
		};
		FD043B231758EA290056D2BC /* Release */ = {
			isa = XCBuildConfiguration;
			buildSettings = {
				GCC_PRECOMPILE_PREFIX_HEADER = YES;
				GCC_PREFIX_HEADER = "4E-1/4E-1-Prefix.pch";
				INFOPLIST_FILE = "4E-1/4E-1-Info.plist";
				PRODUCT_NAME = "$(TARGET_NAME)";
				WRAPPER_EXTENSION = app;
			};
			name = Release;
		};
/* End XCBuildConfiguration section */

/* Begin XCConfigurationList section */
		FD043AF91758EA290056D2BC /* Build configuration list for PBXProject "4E-1" */ = {
			isa = XCConfigurationList;
			buildConfigurations = (
				FD043B1F1758EA290056D2BC /* Debug */,
				FD043B201758EA290056D2BC /* Release */,
			);
			defaultConfigurationIsVisible = 0;
			defaultConfigurationName = Release;
		};
		FD043B211758EA290056D2BC /* Build configuration list for PBXNativeTarget "4E-1" */ = {
			isa = XCConfigurationList;
			buildConfigurations = (
				FD043B221758EA290056D2BC /* Debug */,
				FD043B231758EA290056D2BC /* Release */,
			);
			defaultConfigurationIsVisible = 0;
			defaultConfigurationName = Release;
		};
/* End XCConfigurationList section */
	};
	rootObject = FD043AF61758EA290056D2BC /* Project object */;
}
